
Microsoft Visual Studio Solution File, Format Version 12.00
# Visual Studio Version 16
VisualStudioVersion = 16.0.30804.86
MinimumVisualStudioVersion = 10.0.40219.1
Project("{FAE04EC0-301F-11D3-BF4B-00C04F79EFBC}") = "SlideRead.Android", "SlideRead\SlideRead.Android\SlideRead.Android.csproj", "{286CA67C-5F7E-49F6-B59A-9D473AE5C5ED}"
EndProject
Project("{FAE04EC0-301F-11D3-BF4B-00C04F79EFBC}") = "SlideRead.iOS", "SlideRead\SlideRead.iOS\SlideRead.iOS.csproj", "{53501175-50F6-4D67-954B-A0BC15D33876}"
EndProject
Project("{FAE04EC0-301F-11D3-BF4B-00C04F79EFBC}") = "SlideRead", "SlideRead\SlideRead\SlideRead.csproj", "{7CC5EA98-9D8F-4037-85B2-72335289A1D9}"
EndProject
Global
	GlobalSection(SolutionConfigurationPlatforms) = preSolution
		Debug|Any CPU = Debug|Any CPU
		Debug|iPhone = Debug|iPhone
		Debug|iPhoneSimulator = Debug|iPhoneSimulator
		Release|Any CPU = Release|Any CPU
		Release|iPhone = Release|iPhone
		Release|iPhoneSimulator = Release|iPhoneSimulator
	EndGlobalSection
	GlobalSection(ProjectConfigurationPlatforms) = postSolution
		{286CA67C-5F7E-49F6-B59A-9D473AE5C5ED}.Debug|Any CPU.ActiveCfg = Debug|Any CPU
		{286CA67C-5F7E-49F6-B59A-9D473AE5C5ED}.Debug|Any CPU.Build.0 = Debug|Any CPU
		{286CA67C-5F7E-49F6-B59A-9D473AE5C5ED}.Debug|Any CPU.Deploy.0 = Debug|Any CPU
		{286CA67C-5F7E-49F6-B59A-9D473AE5C5ED}.Debug|iPhone.ActiveCfg = Debug|Any CPU
		{286CA67C-5F7E-49F6-B59A-9D473AE5C5ED}.Debug|iPhone.Build.0 = Debug|Any CPU
		{286CA67C-5F7E-49F6-B59A-9D473AE5C5ED}.Debug|iPhone.Deploy.0 = Debug|Any CPU
		{286CA67C-5F7E-49F6-B59A-9D473AE5C5ED}.Debug|iPhoneSimulator.ActiveCfg = Debug|Any CPU
		{286CA67C-5F7E-49F6-B59A-9D473AE5C5ED}.Debug|iPhoneSimulator.Build.0 = Debug|Any CPU
		{286CA67C-5F7E-49F6-B59A-9D473AE5C5ED}.Debug|iPhoneSimulator.Deploy.0 = Debug|Any CPU
		{286CA67C-5F7E-49F6-B59A-9D473AE5C5ED}.Release|Any CPU.ActiveCfg = Release|Any CPU
		{286CA67C-5F7E-49F6-B59A-9D473AE5C5ED}.Release|Any CPU.Build.0 = Release|Any CPU
		{286CA67C-5F7E-49F6-B59A-9D473AE5C5ED}.Release|Any CPU.Deploy.0 = Release|Any CPU
		{286CA67C-5F7E-49F6-B59A-9D473AE5C5ED}.Release|iPhone.ActiveCfg = Release|Any CPU
		{286CA67C-5F7E-49F6-B59A-9D473AE5C5ED}.Release|iPhone.Build.0 = Release|Any CPU
		{286CA67C-5F7E-49F6-B59A-9D473AE5C5ED}.Release|iPhone.Deploy.0 = Release|Any CPU
		{286CA67C-5F7E-49F6-B59A-9D473AE5C5ED}.Release|iPhoneSimulator.ActiveCfg = Release|Any CPU
		{286CA67C-5F7E-49F6-B59A-9D473AE5C5ED}.Release|iPhoneSimulator.Build.0 = Release|Any CPU
		{286CA67C-5F7E-49F6-B59A-9D473AE5C5ED}.Release|iPhoneSimulator.Deploy.0 = Release|Any CPU
		{53501175-50F6-4D67-954B-A0BC15D33876}.Debug|Any CPU.ActiveCfg = Debug|iPhone
		{53501175-50F6-4D67-954B-A0BC15D33876}.Debug|Any CPU.Build.0 = Debug|iPhone
		{53501175-50F6-4D67-954B-A0BC15D33876}.Debug|Any CPU.Deploy.0 = Debug|iPhone
		{53501175-50F6-4D67-954B-A0BC15D33876}.Debug|iPhone.ActiveCfg = Debug|iPhone
		{53501175-50F6-4D67-954B-A0BC15D33876}.Debug|iPhone.Build.0 = Debug|iPhone
		{53501175-50F6-4D67-954B-A0BC15D33876}.Debug|iPhone.Deploy.0 = Debug|iPhone
		{53501175-50F6-4D67-954B-A0BC15D33876}.Debug|iPhoneSimulator.ActiveCfg = Debug|iPhoneSimulator
		{53501175-50F6-4D67-954B-A0BC15D33876}.Debug|iPhoneSimulator.Build.0 = Debug|iPhoneSimulator
		{53501175-50F6-4D67-954B-A0BC15D33876}.Debug|iPhoneSimulator.Deploy.0 = Debug|iPhoneSimulator
		{53501175-50F6-4D67-954B-A0BC15D33876}.Release|Any CPU.ActiveCfg = Release|iPhoneSimulator
		{53501175-50F6-4D67-954B-A0BC15D33876}.Release|Any CPU.Build.0 = Release|iPhoneSimulator
		{53501175-50F6-4D67-954B-A0BC15D33876}.Release|Any CPU.Deploy.0 = Release|iPhoneSimulator
		{53501175-50F6-4D67-954B-A0BC15D33876}.Release|iPhone.ActiveCfg = Release|iPhone
		{53501175-50F6-4D67-954B-A0BC15D33876}.Release|iPhone.Build.0 = Release|iPhone
		{53501175-50F6-4D67-954B-A0BC15D33876}.Release|iPhone.Deploy.0 = Release|iPhone
		{53501175-50F6-4D67-954B-A0BC15D33876}.Release|iPhoneSimulator.ActiveCfg = Release|iPhoneSimulator
		{53501175-50F6-4D67-954B-A0BC15D33876}.Release|iPhoneSimulator.Build.0 = Release|iPhoneSimulator
		{53501175-50F6-4D67-954B-A0BC15D33876}.Release|iPhoneSimulator.Deploy.0 = Release|iPhoneSimulator
		{7CC5EA98-9D8F-4037-85B2-72335289A1D9}.Debug|Any CPU.ActiveCfg = Debug|Any CPU
		{7CC5EA98-9D8F-4037-85B2-72335289A1D9}.Debug|Any CPU.Build.0 = Debug|Any CPU
		{7CC5EA98-9D8F-4037-85B2-72335289A1D9}.Debug|Any CPU.Deploy.0 = Debug|Any CPU
		{7CC5EA98-9D8F-4037-85B2-72335289A1D9}.Debug|iPhone.ActiveCfg = Debug|Any CPU
		{7CC5EA98-9D8F-4037-85B2-72335289A1D9}.Debug|iPhone.Build.0 = Debug|Any CPU
		{7CC5EA98-9D8F-4037-85B2-72335289A1D9}.Debug|iPhone.Deploy.0 = Debug|Any CPU
		{7CC5EA98-9D8F-4037-85B2-72335289A1D9}.Debug|iPhoneSimulator.ActiveCfg = Debug|Any CPU
		{7CC5EA98-9D8F-4037-85B2-72335289A1D9}.Debug|iPhoneSimulator.Build.0 = Debug|Any CPU
		{7CC5EA98-9D8F-4037-85B2-72335289A1D9}.Debug|iPhoneSimulator.Deploy.0 = Debug|Any CPU
		{7CC5EA98-9D8F-4037-85B2-72335289A1D9}.Release|Any CPU.ActiveCfg = Release|Any CPU
		{7CC5EA98-9D8F-4037-85B2-72335289A1D9}.Release|Any CPU.Build.0 = Release|Any CPU
		{7CC5EA98-9D8F-4037-85B2-72335289A1D9}.Release|Any CPU.Deploy.0 = Release|Any CPU
		{7CC5EA98-9D8F-4037-85B2-72335289A1D9}.Release|iPhone.ActiveCfg = Release|Any CPU
		{7CC5EA98-9D8F-4037-85B2-72335289A1D9}.Release|iPhone.Build.0 = Release|Any CPU
		{7CC5EA98-9D8F-4037-85B2-72335289A1D9}.Release|iPhone.Deploy.0 = Release|Any CPU
		{7CC5EA98-9D8F-4037-85B2-72335289A1D9}.Release|iPhoneSimulator.ActiveCfg = Release|Any CPU
		{7CC5EA98-9D8F-4037-85B2-72335289A1D9}.Release|iPhoneSimulator.Build.0 = Release|Any CPU
		{7CC5EA98-9D8F-4037-85B2-72335289A1D9}.Release|iPhoneSimulator.Deploy.0 = Release|Any CPU
	EndGlobalSection
	GlobalSection(SolutionProperties) = preSolution
		HideSolutionNode = FALSE
	EndGlobalSection
	GlobalSection(ExtensibilityGlobals) = postSolution
		SolutionGuid = {2A13F4FB-ED76-4884-9FCB-66E61476964A}
	EndGlobalSection
EndGlobal
